
Microsoft Visual Studio Solution File, Format Version 12.00
# Visual Studio Version 17
VisualStudioVersion = 17.0.32014.148
MinimumVisualStudioVersion = 10.0.40219.1
Project("{9A19103F-16F7-4668-BE54-9A1E7A4F7556}") = "BrunoCampiol.CrossCutting.Common", "src\BrunoCampiol.Common\BrunoCampiol.CrossCutting.Common.csproj", "{86CB6632-D11D-4139-9930-EC58B4932573}"
EndProject
Project("{00D1A9C2-B5F0-4AF3-8072-F6C62B433612}") = "BrunoCampiol.Database", "src\BrunoCampiol.Database\BrunoCampiol.Database.sqlproj", "{529DB83E-9228-4D84-A9E7-7664FFE2F189}"
EndProject
Project("{9A19103F-16F7-4668-BE54-9A1E7A4F7556}") = "BrunoCampiol.UI.Web", "src\BrunoCampiol.Website\BrunoCampiol.UI.Web.csproj", "{2AF35C22-AE59-4B14-890F-6713C6C626CE}"
EndProject
Project("{9A19103F-16F7-4668-BE54-9A1E7A4F7556}") = "BrunoCampiol.Infra.Data", "src\BrunoCampiol.Repository\BrunoCampiol.Infra.Data.csproj", "{64358D19-1DF2-421A-878F-42F91D2FFC69}"
EndProject
Project("{9A19103F-16F7-4668-BE54-9A1E7A4F7556}") = "BrunoCampiol.Unit.Test", "tests\BrunoCampiol.UnitTest\BrunoCampiol.Unit.Test.csproj", "{A16A0263-ECE4-4A0D-98EC-D534E43CDC50}"
EndProject
Project("{9A19103F-16F7-4668-BE54-9A1E7A4F7556}") = "BrunoCampiol.Domain", "src\BrunoCampiol.Service\BrunoCampiol.Domain.csproj", "{41B7546D-FA1B-4824-B406-B78C509E7EA7}"
EndProject
Project("{9A19103F-16F7-4668-BE54-9A1E7A4F7556}") = "BrunoCampiol.Integration.Test", "tests\BrunoCampiol.IntegrationTest\BrunoCampiol.Integration.Test.csproj", "{6B395CDD-B27A-4009-9E2D-F3082353FFED}"
EndProject
Project("{2150E333-8FDC-42A3-9474-1A3956D46DE8}") = "tests", "tests", "{034EFAEF-B7B7-4466-B42D-4EBC42A01639}"
EndProject
Project("{2150E333-8FDC-42A3-9474-1A3956D46DE8}") = "src", "src", "{4AE9FE5D-C712-4D7E-8D2D-763E84ED93EF}"
EndProject
Project("{2150E333-8FDC-42A3-9474-1A3956D46DE8}") = "1 - Presentation", "1 - Presentation", "{D4F5DE5A-9363-44C7-91EE-D48BDB2834D7}"
EndProject
Project("{2150E333-8FDC-42A3-9474-1A3956D46DE8}") = "2 - Services", "2 - Services", "{5EB72E45-5EAE-4715-B3C0-70F7E32A78F9}"
EndProject
Project("{2150E333-8FDC-42A3-9474-1A3956D46DE8}") = "3 - Application", "3 - Application", "{A7EE520A-7C1F-4DC1-BD10-5C7AB10950A9}"
EndProject
Project("{2150E333-8FDC-42A3-9474-1A3956D46DE8}") = "4 - Domain", "4 - Domain", "{6BD34C87-2759-468F-8EA4-358771277DC9}"
EndProject
Project("{2150E333-8FDC-42A3-9474-1A3956D46DE8}") = "5 - Infra", "5 - Infra", "{5AB5FF52-4AA1-40A2-B0D4-7750B298BAAB}"
EndProject
Project("{2150E333-8FDC-42A3-9474-1A3956D46DE8}") = "5.1 - Data", "5.1 - Data", "{5F141E28-705E-4675-9E01-843D0F53714A}"
EndProject
Project("{2150E333-8FDC-42A3-9474-1A3956D46DE8}") = "5.2 - CrossCutting", "5.2 - CrossCutting", "{38B32BEB-3DED-4191-8E46-20217BF15A53}"
EndProject
Project("{FAE04EC0-301F-11D3-BF4B-00C04F79EFBC}") = "BrunoCampiol.CrossCutting.IoC", "src\BrunoCampiol.CrossCutting.IoC\BrunoCampiol.CrossCutting.IoC.csproj", "{C7D8C493-AA92-4E6D-9784-52981FC49515}"
EndProject
Project("{2150E333-8FDC-42A3-9474-1A3956D46DE8}") = "1 - Common", "1 - Common", "{DFBFDB5A-41F4-4D69-82D5-B2F3FE033A2F}"
EndProject
Project("{2150E333-8FDC-42A3-9474-1A3956D46DE8}") = "2 - Unit", "2 - Unit", "{06156840-DF52-4F84-A853-7D7B05ED44D6}"
EndProject
Project("{2150E333-8FDC-42A3-9474-1A3956D46DE8}") = "3 - Integration", "3 - Integration", "{E2DDFEF0-0BCF-4905-8410-C812EF92C0BF}"
EndProject
Global
	GlobalSection(SolutionConfigurationPlatforms) = preSolution
		Debug|Any CPU = Debug|Any CPU
		Release|Any CPU = Release|Any CPU
	EndGlobalSection
	GlobalSection(ProjectConfigurationPlatforms) = postSolution
		{86CB6632-D11D-4139-9930-EC58B4932573}.Debug|Any CPU.ActiveCfg = Debug|Any CPU
		{86CB6632-D11D-4139-9930-EC58B4932573}.Debug|Any CPU.Build.0 = Debug|Any CPU
		{86CB6632-D11D-4139-9930-EC58B4932573}.Release|Any CPU.ActiveCfg = Release|Any CPU
		{86CB6632-D11D-4139-9930-EC58B4932573}.Release|Any CPU.Build.0 = Release|Any CPU
		{529DB83E-9228-4D84-A9E7-7664FFE2F189}.Debug|Any CPU.ActiveCfg = Debug|Any CPU
		{529DB83E-9228-4D84-A9E7-7664FFE2F189}.Debug|Any CPU.Build.0 = Debug|Any CPU
		{529DB83E-9228-4D84-A9E7-7664FFE2F189}.Debug|Any CPU.Deploy.0 = Debug|Any CPU
		{529DB83E-9228-4D84-A9E7-7664FFE2F189}.Release|Any CPU.ActiveCfg = Release|Any CPU
		{529DB83E-9228-4D84-A9E7-7664FFE2F189}.Release|Any CPU.Build.0 = Release|Any CPU
		{529DB83E-9228-4D84-A9E7-7664FFE2F189}.Release|Any CPU.Deploy.0 = Release|Any CPU
		{2AF35C22-AE59-4B14-890F-6713C6C626CE}.Debug|Any CPU.ActiveCfg = Debug|Any CPU
		{2AF35C22-AE59-4B14-890F-6713C6C626CE}.Debug|Any CPU.Build.0 = Debug|Any CPU
		{2AF35C22-AE59-4B14-890F-6713C6C626CE}.Release|Any CPU.ActiveCfg = Release|Any CPU
		{2AF35C22-AE59-4B14-890F-6713C6C626CE}.Release|Any CPU.Build.0 = Release|Any CPU
		{64358D19-1DF2-421A-878F-42F91D2FFC69}.Debug|Any CPU.ActiveCfg = Debug|Any CPU
		{64358D19-1DF2-421A-878F-42F91D2FFC69}.Debug|Any CPU.Build.0 = Debug|Any CPU
		{64358D19-1DF2-421A-878F-42F91D2FFC69}.Release|Any CPU.ActiveCfg = Release|Any CPU
		{64358D19-1DF2-421A-878F-42F91D2FFC69}.Release|Any CPU.Build.0 = Release|Any CPU
		{A16A0263-ECE4-4A0D-98EC-D534E43CDC50}.Debug|Any CPU.ActiveCfg = Debug|Any CPU
		{A16A0263-ECE4-4A0D-98EC-D534E43CDC50}.Debug|Any CPU.Build.0 = Debug|Any CPU
		{A16A0263-ECE4-4A0D-98EC-D534E43CDC50}.Release|Any CPU.ActiveCfg = Release|Any CPU
		{A16A0263-ECE4-4A0D-98EC-D534E43CDC50}.Release|Any CPU.Build.0 = Release|Any CPU
		{41B7546D-FA1B-4824-B406-B78C509E7EA7}.Debug|Any CPU.ActiveCfg = Debug|Any CPU
		{41B7546D-FA1B-4824-B406-B78C509E7EA7}.Debug|Any CPU.Build.0 = Debug|Any CPU
		{41B7546D-FA1B-4824-B406-B78C509E7EA7}.Release|Any CPU.ActiveCfg = Release|Any CPU
		{41B7546D-FA1B-4824-B406-B78C509E7EA7}.Release|Any CPU.Build.0 = Release|Any CPU
		{6B395CDD-B27A-4009-9E2D-F3082353FFED}.Debug|Any CPU.ActiveCfg = Debug|Any CPU
		{6B395CDD-B27A-4009-9E2D-F3082353FFED}.Debug|Any CPU.Build.0 = Debug|Any CPU
		{6B395CDD-B27A-4009-9E2D-F3082353FFED}.Release|Any CPU.ActiveCfg = Release|Any CPU
		{6B395CDD-B27A-4009-9E2D-F3082353FFED}.Release|Any CPU.Build.0 = Release|Any CPU
		{C7D8C493-AA92-4E6D-9784-52981FC49515}.Debug|Any CPU.ActiveCfg = Debug|Any CPU
		{C7D8C493-AA92-4E6D-9784-52981FC49515}.Debug|Any CPU.Build.0 = Debug|Any CPU
		{C7D8C493-AA92-4E6D-9784-52981FC49515}.Release|Any CPU.ActiveCfg = Release|Any CPU
		{C7D8C493-AA92-4E6D-9784-52981FC49515}.Release|Any CPU.Build.0 = Release|Any CPU
	EndGlobalSection
	GlobalSection(SolutionProperties) = preSolution
		HideSolutionNode = FALSE
	EndGlobalSection
	GlobalSection(NestedProjects) = preSolution
		{86CB6632-D11D-4139-9930-EC58B4932573} = {38B32BEB-3DED-4191-8E46-20217BF15A53}
		{529DB83E-9228-4D84-A9E7-7664FFE2F189} = {5F141E28-705E-4675-9E01-843D0F53714A}
		{2AF35C22-AE59-4B14-890F-6713C6C626CE} = {D4F5DE5A-9363-44C7-91EE-D48BDB2834D7}
		{64358D19-1DF2-421A-878F-42F91D2FFC69} = {5F141E28-705E-4675-9E01-843D0F53714A}
		{A16A0263-ECE4-4A0D-98EC-D534E43CDC50} = {06156840-DF52-4F84-A853-7D7B05ED44D6}
		{41B7546D-FA1B-4824-B406-B78C509E7EA7} = {6BD34C87-2759-468F-8EA4-358771277DC9}
		{6B395CDD-B27A-4009-9E2D-F3082353FFED} = {E2DDFEF0-0BCF-4905-8410-C812EF92C0BF}
		{D4F5DE5A-9363-44C7-91EE-D48BDB2834D7} = {4AE9FE5D-C712-4D7E-8D2D-763E84ED93EF}
		{5EB72E45-5EAE-4715-B3C0-70F7E32A78F9} = {4AE9FE5D-C712-4D7E-8D2D-763E84ED93EF}
		{A7EE520A-7C1F-4DC1-BD10-5C7AB10950A9} = {4AE9FE5D-C712-4D7E-8D2D-763E84ED93EF}
		{6BD34C87-2759-468F-8EA4-358771277DC9} = {4AE9FE5D-C712-4D7E-8D2D-763E84ED93EF}
		{5AB5FF52-4AA1-40A2-B0D4-7750B298BAAB} = {4AE9FE5D-C712-4D7E-8D2D-763E84ED93EF}
		{5F141E28-705E-4675-9E01-843D0F53714A} = {5AB5FF52-4AA1-40A2-B0D4-7750B298BAAB}
		{38B32BEB-3DED-4191-8E46-20217BF15A53} = {5AB5FF52-4AA1-40A2-B0D4-7750B298BAAB}
		{C7D8C493-AA92-4E6D-9784-52981FC49515} = {38B32BEB-3DED-4191-8E46-20217BF15A53}
		{DFBFDB5A-41F4-4D69-82D5-B2F3FE033A2F} = {034EFAEF-B7B7-4466-B42D-4EBC42A01639}
		{06156840-DF52-4F84-A853-7D7B05ED44D6} = {034EFAEF-B7B7-4466-B42D-4EBC42A01639}
		{E2DDFEF0-0BCF-4905-8410-C812EF92C0BF} = {034EFAEF-B7B7-4466-B42D-4EBC42A01639}
	EndGlobalSection
	GlobalSection(ExtensibilityGlobals) = postSolution
		SolutionGuid = {6A20456E-2C54-4EBB-97AE-F1AFCC0B8075}
	EndGlobalSection
EndGlobal
